
Microsoft Visual Studio Solution File, Format Version 12.00
# Visual Studio Version 17
VisualStudioVersion = 17.11.35222.181
MinimumVisualStudioVersion = 10.0.40219.1
Project("{FAE04EC0-301F-11D3-BF4B-00C04F79EFBC}") = "Kata_Decorator", "Kata_Decorator\Kata_Decorator.csproj", "{610B12E9-5B81-44DB-9A14-F62D1901EDC5}"
EndProject
Global
	GlobalSection(SolutionConfigurationPlatforms) = preSolution
		Debug|Any CPU = Debug|Any CPU
		Release|Any CPU = Release|Any CPU
	EndGlobalSection
	GlobalSection(ProjectConfigurationPlatforms) = postSolution
		{610B12E9-5B81-44DB-9A14-F62D1901EDC5}.Debug|Any CPU.ActiveCfg = Debug|Any CPU
		{610B12E9-5B81-44DB-9A14-F62D1901EDC5}.Debug|Any CPU.Build.0 = Debug|Any CPU
		{610B12E9-5B81-44DB-9A14-F62D1901EDC5}.Release|Any CPU.ActiveCfg = Release|Any CPU
		{610B12E9-5B81-44DB-9A14-F62D1901EDC5}.Release|Any CPU.Build.0 = Release|Any CPU
	EndGlobalSection
	GlobalSection(SolutionProperties) = preSolution
		HideSolutionNode = FALSE
	EndGlobalSection
	GlobalSection(ExtensibilityGlobals) = postSolution
		SolutionGuid = {8A89DFE8-FA99-4553-9F88-E9074CE38D33}
	EndGlobalSection
EndGlobal
